
Microsoft Visual Studio Solution File, Format Version 11.00
# Visual Basic Express 2010
Project("{F184B08F-C81C-45F6-A57F-5ABD9991F28F}") = "FinancialStatements", "FinancialStatements\FinancialStatements.vbproj", "{BA15BF16-F36E-4AD3-BD4F-85200E360134}"
EndProject
Global
	GlobalSection(SolutionConfigurationPlatforms) = preSolution
		Debug|Any CPU = Debug|Any CPU
		Release|Any CPU = Release|Any CPU
	EndGlobalSection
	GlobalSection(ProjectConfigurationPlatforms) = postSolution
		{BA15BF16-F36E-4AD3-BD4F-85200E360134}.Debug|Any CPU.ActiveCfg = Debug|Any CPU
		{BA15BF16-F36E-4AD3-BD4F-85200E360134}.Debug|Any CPU.Build.0 = Debug|Any CPU
		{BA15BF16-F36E-4AD3-BD4F-85200E360134}.Release|Any CPU.ActiveCfg = Release|Any CPU
		{BA15BF16-F36E-4AD3-BD4F-85200E360134}.Release|Any CPU.Build.0 = Release|Any CPU
	EndGlobalSection
	GlobalSection(SolutionProperties) = preSolution
		HideSolutionNode = FALSE
	EndGlobalSection
EndGlobal
